# This file is automatically @generated by Cargo.
# It is not intended for manual editing.
version = 3

[[package]]
name = "addr2line"
version = "0.19.0"
source = "registry+https://github.com/rust-lang/crates.io-index"
checksum = "a76fd60b23679b7d19bd066031410fb7e458ccc5e958eb5c325888ce4baedc97"
dependencies = [
 "fallible-iterator",
 "gimli",
]

[[package]]
name = "adler"
version = "1.0.2"
source = "registry+https://github.com/rust-lang/crates.io-index"
checksum = "f26201604c87b1e01bd3d98f8d5d9a8fcbb815e8cedb41ffccbeb4bf593a35fe"

[[package]]
name = "aho-corasick"
version = "1.1.2"
source = "registry+https://github.com/rust-lang/crates.io-index"
checksum = "b2969dcb958b36655471fc61f7e416fa76033bdd4bfed0678d8fee1e2d07a1f0"
dependencies = [
 "memchr",
]

[[package]]
name = "autocfg"
version = "1.1.0"
source = "registry+https://github.com/rust-lang/crates.io-index"
checksum = "d468802bab17cbc0cc575e9b053f41e72aa36bfa6b7f55e3529ffa43161b97fa"

[[package]]
name = "binary-merge"
version = "0.1.2"
source = "registry+https://github.com/rust-lang/crates.io-index"
checksum = "597bb81c80a54b6a4381b23faba8d7774b144c94cbd1d6fe3f1329bd776554ab"

[[package]]
name = "bitflags"
version = "1.3.2"
source = "registry+https://github.com/rust-lang/crates.io-index"
checksum = "bef38d45163c2f1dde094a7dfd33ccf595c92905c8f8f4fdc18d06fb1037718a"

[[package]]
name = "bitvec"
version = "0.19.6"
source = "registry+https://github.com/rust-lang/crates.io-index"
checksum = "55f93d0ef3363c364d5976646a38f04cf67cfe1d4c8d160cdea02cab2c116b33"
dependencies = [
 "funty",
 "radium",
 "tap",
 "wyz",
]

[[package]]
name = "build_const"
version = "0.2.2"
source = "registry+https://github.com/rust-lang/crates.io-index"
checksum = "b4ae4235e6dac0694637c763029ecea1a2ec9e4e06ec2729bd21ba4d9c863eb7"

[[package]]
name = "bumpalo"
version = "3.14.0"
source = "registry+https://github.com/rust-lang/crates.io-index"
checksum = "7f30e7476521f6f8af1a1c4c0b8cc94f0bee37d91763d0ca2665f299b6cd8aec"

[[package]]
name = "byteorder"
version = "1.5.0"
source = "registry+https://github.com/rust-lang/crates.io-index"
checksum = "1fd0f2584146f6f2ef48085050886acf353beff7305ebd1ae69500e27c67f64b"

[[package]]
name = "cfg-if"
version = "1.0.0"
source = "registry+https://github.com/rust-lang/crates.io-index"
checksum = "baf1de4339761588bc0619e3cbc0120ee582ebb74b53b4efbf79117bd2da40fd"

[[package]]
name = "cpp_demangle"
version = "0.4.3"
source = "registry+https://github.com/rust-lang/crates.io-index"
checksum = "7e8227005286ec39567949b33df9896bcadfa6051bccca2488129f108ca23119"
dependencies = [
 "cfg-if",
]

[[package]]
name = "crc"
version = "1.8.1"
source = "registry+https://github.com/rust-lang/crates.io-index"
checksum = "d663548de7f5cca343f1e0a48d14dcfb0e9eb4e079ec58883b7251539fa10aeb"
dependencies = [
 "build_const",
]

[[package]]
name = "crc32fast"
version = "1.4.0"
source = "registry+https://github.com/rust-lang/crates.io-index"
checksum = "b3855a8a784b474f333699ef2bbca9db2c4a1f6d9088a90a2d25b1eb53111eaa"
dependencies = [
 "cfg-if",
]

[[package]]
name = "debugid"
version = "0.8.0"
source = "registry+https://github.com/rust-lang/crates.io-index"
checksum = "bef552e6f588e446098f6ba40d89ac146c8c7b64aade83c051ee00bb5d2bc18d"
dependencies = [
 "uuid",
]

[[package]]
name = "elsa"
version = "1.10.0"
source = "registry+https://github.com/rust-lang/crates.io-index"
checksum = "d98e71ae4df57d214182a2e5cb90230c0192c6ddfcaa05c36453d46a54713e10"
dependencies = [
 "stable_deref_trait",
]

[[package]]
name = "fallible-iterator"
version = "0.2.0"
source = "registry+https://github.com/rust-lang/crates.io-index"
checksum = "4443176a9f2c162692bd3d352d745ef9413eec5782a80d8fd6f8a1ac692a07f7"

[[package]]
name = "flate2"
version = "1.0.28"
source = "registry+https://github.com/rust-lang/crates.io-index"
checksum = "46303f565772937ffe1d394a4fac6f411c6013172fadde9dcdb1e147a086940e"
dependencies = [
 "crc32fast",
 "miniz_oxide",
]

[[package]]
name = "funty"
version = "1.1.0"
source = "registry+https://github.com/rust-lang/crates.io-index"
checksum = "fed34cd105917e91daa4da6b3728c47b068749d6a62c59811f06ed2ac71d9da7"

[[package]]
name = "gimli"
version = "0.27.3"
source = "registry+https://github.com/rust-lang/crates.io-index"
checksum = "b6c80984affa11d98d1b88b66ac8853f143217b399d3c74116778ff8fdb4ed2e"
dependencies = [
 "fallible-iterator",
 "stable_deref_trait",
]

[[package]]
name = "inplace-vec-builder"
version = "0.1.1"
source = "registry+https://github.com/rust-lang/crates.io-index"
checksum = "cf64c2edc8226891a71f127587a2861b132d2b942310843814d5001d99a1d307"
dependencies = [
 "smallvec",
]

[[package]]
name = "itoa"
version = "1.0.10"
source = "registry+https://github.com/rust-lang/crates.io-index"
checksum = "b1a46d1a171d865aa5f83f92695765caa047a9b4cbae2cbf37dbd613a793fd4c"

[[package]]
name = "js-sys"
version = "0.3.68"
source = "registry+https://github.com/rust-lang/crates.io-index"
checksum = "406cda4b368d531c842222cf9d2600a9a4acce8d29423695379c6868a143a9ee"
dependencies = [
 "wasm-bindgen",
]

[[package]]
name = "log"
version = "0.4.20"
source = "registry+https://github.com/rust-lang/crates.io-index"
checksum = "b5e6163cb8c49088c2c36f57875e58ccd8c87c7427f7fbd50ea6710b2f3f2e8f"

[[package]]
name = "lzma-rs"
version = "0.2.0"
source = "registry+https://github.com/rust-lang/crates.io-index"
checksum = "aba8ecb0450dfabce4ad72085eed0a75dffe8f21f7ada05638564ea9db2d7fb1"
dependencies = [
 "byteorder",
 "crc",
]

[[package]]
name = "macho-unwind-info"
version = "0.3.0"
source = "registry+https://github.com/rust-lang/crates.io-index"
checksum = "29014be9ddec1a1e9bfbb926493d2df811adc2e257a5a36072136eb84c19c14f"
dependencies = [
 "thiserror",
 "zerocopy",
]

[[package]]
name = "maybe-owned"
version = "0.3.4"
source = "registry+https://github.com/rust-lang/crates.io-index"
checksum = "4facc753ae494aeb6e3c22f839b158aebd4f9270f55cd3c79906c45476c47ab4"

[[package]]
name = "memchr"
version = "2.7.1"
source = "registry+https://github.com/rust-lang/crates.io-index"
checksum = "523dc4f511e55ab87b694dc30d0f820d60906ef06413f93d4d7a1385599cc149"

[[package]]
name = "minimal-lexical"
version = "0.2.1"
source = "registry+https://github.com/rust-lang/crates.io-index"
checksum = "68354c5c6bd36d73ff3feceb05efa59b6acb7626617f4962be322a825e61f79a"

[[package]]
name = "miniz_oxide"
version = "0.7.2"
source = "registry+https://github.com/rust-lang/crates.io-index"
checksum = "9d811f3e15f28568be3407c8e7fdb6514c1cda3cb30683f15b6a1a1dc4ea14a7"
dependencies = [
 "adler",
]

[[package]]
name = "msvc-demangler"
version = "0.9.0"
source = "registry+https://github.com/rust-lang/crates.io-index"
checksum = "bfb67c6dd0fa9b00619c41c5700b6f92d5f418be49b45ddb9970fbd4569df3c8"
dependencies = [
 "bitflags",
]

[[package]]
name = "nom"
version = "7.1.3"
source = "registry+https://github.com/rust-lang/crates.io-index"
checksum = "d273983c5a657a70a3e8f2a01329822f3b8c8172b73826411a55751e404a0a4a"
dependencies = [
 "memchr",
 "minimal-lexical",
]

[[package]]
name = "num-traits"
version = "0.2.18"
source = "registry+https://github.com/rust-lang/crates.io-index"
checksum = "da0df0e5185db44f69b44f26786fe401b6c293d1907744beaa7fa62b2e5a517a"
dependencies = [
 "autocfg",
]

[[package]]
name = "object"
version = "0.30.4"
source = "registry+https://github.com/rust-lang/crates.io-index"
checksum = "03b4680b86d9cfafba8fc491dc9b6df26b68cf40e9e6cd73909194759a63c385"
dependencies = [
 "flate2",
 "memchr",
]

[[package]]
name = "once_cell"
version = "1.19.0"
source = "registry+https://github.com/rust-lang/crates.io-index"
checksum = "3fdb12b2476b595f9358c5161aa467c2438859caa136dec86c26fdd2efe17b92"

[[package]]
name = "pdb"
version = "0.8.0"
source = "registry+https://github.com/rust-lang/crates.io-index"
checksum = "82040a392923abe6279c00ab4aff62d5250d1c8555dc780e4b02783a7aa74863"
dependencies = [
 "fallible-iterator",
 "scroll",
 "uuid",
]

[[package]]
name = "pdb-addr2line"
version = "0.10.4"
source = "registry+https://github.com/rust-lang/crates.io-index"
checksum = "c4e89a9f2f40b2389ba6da0814c8044bf942bece03dffa1514f84e3b525f4f9a"
dependencies = [
 "bitflags",
 "elsa",
 "maybe-owned",
 "pdb",
 "range-collections",
 "thiserror",
]

[[package]]
name = "proc-macro2"
version = "1.0.78"
source = "registry+https://github.com/rust-lang/crates.io-index"
checksum = "e2422ad645d89c99f8f3e6b88a9fdeca7fabeac836b1002371c4367c8f984aae"
dependencies = [
 "unicode-ident",
]

[[package]]
name = "profiler-get-symbols-wasm"
version = "0.1.0"
dependencies = [
 "js-sys",
 "samply-api",
 "serde",
 "serde-wasm-bindgen",
 "wasm-bindgen",
 "wasm-bindgen-futures",
]

[[package]]
name = "quote"
version = "1.0.35"
source = "registry+https://github.com/rust-lang/crates.io-index"
checksum = "291ec9ab5efd934aaf503a6466c5d5251535d108ee747472c3977cc5acc868ef"
dependencies = [
 "proc-macro2",
]

[[package]]
name = "radium"
version = "0.5.3"
source = "registry+https://github.com/rust-lang/crates.io-index"
checksum = "941ba9d78d8e2f7ce474c015eea4d9c6d25b6a3327f9832ee29a4de27f91bbb8"

[[package]]
name = "range-collections"
version = "0.2.4"
source = "registry+https://github.com/rust-lang/crates.io-index"
checksum = "61fdfd79629e2b44a1d34b4d227957174cb858e6b86ee45fad114edbcfc903ab"
dependencies = [
 "binary-merge",
 "inplace-vec-builder",
 "smallvec",
]

[[package]]
name = "rangemap"
version = "1.5.0"
source = "registry+https://github.com/rust-lang/crates.io-index"
checksum = "795915a3930a5d6bafd9053d37602fea3e61be2e5d4d788983a8ba9654c1c6f2"

[[package]]
name = "regex"
version = "1.10.3"
source = "registry+https://github.com/rust-lang/crates.io-index"
checksum = "b62dbe01f0b06f9d8dc7d49e05a0785f153b00b2c227856282f671e0318c9b15"
dependencies = [
 "aho-corasick",
 "memchr",
 "regex-automata",
 "regex-syntax",
]

[[package]]
name = "regex-automata"
version = "0.4.5"
source = "registry+https://github.com/rust-lang/crates.io-index"
checksum = "5bb987efffd3c6d0d8f5f89510bb458559eab11e4f869acb20bf845e016259cd"
dependencies = [
 "aho-corasick",
 "memchr",
 "regex-syntax",
]

[[package]]
name = "regex-syntax"
version = "0.8.2"
source = "registry+https://github.com/rust-lang/crates.io-index"
checksum = "c08c74e62047bb2de4ff487b251e4a92e24f48745648451635cec7d591162d9f"

[[package]]
name = "rustc-demangle"
version = "0.1.23"
source = "registry+https://github.com/rust-lang/crates.io-index"
checksum = "d626bb9dae77e28219937af045c257c28bfd3f69333c512553507f5f9798cb76"

[[package]]
name = "ryu"
version = "1.0.16"
source = "registry+https://github.com/rust-lang/crates.io-index"
checksum = "f98d2aa92eebf49b69786be48e4477826b256916e84a57ff2a4f21923b48eb4c"

[[package]]
name = "samply-api"
version = "0.21.1"
source = "registry+https://github.com/rust-lang/crates.io-index"
checksum = "92a94c595a66316dc91dcca3d08cbfd4bc5f138c2983314b9b2bfea47f2eb03f"
dependencies = [
 "samply-symbols",
 "serde",
 "serde_json",
 "serde_tuple",
 "thiserror",
 "yaxpeax-arch",
 "yaxpeax-arm",
 "yaxpeax-x86",
]

[[package]]
name = "samply-symbols"
version = "0.20.0"
source = "registry+https://github.com/rust-lang/crates.io-index"
checksum = "f0e6151bb80208ee7581624bec9318fafc620e9181fe570b4e7626981b3bb2de"
dependencies = [
 "addr2line",
 "bitflags",
 "cpp_demangle",
 "debugid",
 "elsa",
 "flate2",
 "gimli",
 "lzma-rs",
 "macho-unwind-info",
 "memchr",
 "msvc-demangler",
 "nom",
 "object",
 "pdb-addr2line",
 "rangemap",
 "regex",
 "rustc-demangle",
 "srcsrv",
 "thiserror",
 "uuid",
 "yoke",
]

[[package]]
name = "scroll"
version = "0.11.0"
source = "registry+https://github.com/rust-lang/crates.io-index"
checksum = "04c565b551bafbef4157586fa379538366e4385d42082f255bfd96e4fe8519da"

[[package]]
name = "serde"
version = "1.0.196"
source = "registry+https://github.com/rust-lang/crates.io-index"
checksum = "870026e60fa08c69f064aa766c10f10b1d62db9ccd4d0abb206472bee0ce3b32"
dependencies = [
 "serde_derive",
]

[[package]]
name = "serde-wasm-bindgen"
version = "0.6.3"
source = "registry+https://github.com/rust-lang/crates.io-index"
checksum = "b9b713f70513ae1f8d92665bbbbda5c295c2cf1da5542881ae5eefe20c9af132"
dependencies = [
 "js-sys",
 "serde",
 "wasm-bindgen",
]

[[package]]
name = "serde_derive"
version = "1.0.196"
source = "registry+https://github.com/rust-lang/crates.io-index"
checksum = "33c85360c95e7d137454dc81d9a4ed2b8efd8fbe19cee57357b32b9771fccb67"
dependencies = [
 "proc-macro2",
 "quote",
 "syn 2.0.48",
]

[[package]]
name = "serde_json"
version = "1.0.113"
source = "registry+https://github.com/rust-lang/crates.io-index"
checksum = "69801b70b1c3dac963ecb03a364ba0ceda9cf60c71cfe475e99864759c8b8a79"
dependencies = [
 "itoa",
 "ryu",
 "serde",
]

[[package]]
name = "serde_tuple"
version = "0.5.0"
source = "registry+https://github.com/rust-lang/crates.io-index"
checksum = "f4f025b91216f15a2a32aa39669329a475733590a015835d1783549a56d09427"
dependencies = [
 "serde",
 "serde_tuple_macros",
]

[[package]]
name = "serde_tuple_macros"
version = "0.5.0"
source = "registry+https://github.com/rust-lang/crates.io-index"
checksum = "4076151d1a2b688e25aaf236997933c66e18b870d0369f8b248b8ab2be630d7e"
dependencies = [
 "proc-macro2",
 "quote",
 "syn 1.0.109",
]

[[package]]
name = "smallvec"
version = "1.13.1"
source = "registry+https://github.com/rust-lang/crates.io-index"
checksum = "e6ecd384b10a64542d77071bd64bd7b231f4ed5940fba55e98c3de13824cf3d7"

[[package]]
name = "srcsrv"
version = "0.2.2"
source = "registry+https://github.com/rust-lang/crates.io-index"
checksum = "022437a70e522e49b1952cb1d923589d629cb4aee97eb56d65ce938c04e8ac70"
dependencies = [
 "memchr",
 "thiserror",
]

[[package]]
name = "stable_deref_trait"
version = "1.2.0"
source = "registry+https://github.com/rust-lang/crates.io-index"
checksum = "a8f112729512f8e442d81f95a8a7ddf2b7c6b8a1a6f509a95864142b30cab2d3"

[[package]]
name = "syn"
version = "1.0.109"
source = "registry+https://github.com/rust-lang/crates.io-index"
checksum = "72b64191b275b66ffe2469e8af2c1cfe3bafa67b529ead792a6d0160888b4237"
dependencies = [
 "proc-macro2",
 "quote",
 "unicode-ident",
]

[[package]]
name = "syn"
version = "2.0.48"
source = "registry+https://github.com/rust-lang/crates.io-index"
checksum = "0f3531638e407dfc0814761abb7c00a5b54992b849452a0646b7f65c9f770f3f"
dependencies = [
 "proc-macro2",
 "quote",
 "unicode-ident",
]

[[package]]
name = "synstructure"
version = "0.12.6"
source = "registry+https://github.com/rust-lang/crates.io-index"
checksum = "f36bdaa60a83aca3921b5259d5400cbf5e90fc51931376a9bd4a0eb79aa7210f"
dependencies = [
 "proc-macro2",
 "quote",
 "syn 1.0.109",
 "unicode-xid",
]

[[package]]
name = "synstructure"
version = "0.13.1"
source = "registry+https://github.com/rust-lang/crates.io-index"
checksum = "c8af7666ab7b6390ab78131fb5b0fce11d6b7a6951602017c35fa82800708971"
dependencies = [
 "proc-macro2",
 "quote",
 "syn 2.0.48",
]

[[package]]
name = "tap"
version = "1.0.1"
source = "registry+https://github.com/rust-lang/crates.io-index"
checksum = "55937e1799185b12863d447f42597ed69d9928686b8d88a1df17376a097d8369"

[[package]]
name = "thiserror"
version = "1.0.57"
source = "registry+https://github.com/rust-lang/crates.io-index"
checksum = "1e45bcbe8ed29775f228095caf2cd67af7a4ccf756ebff23a306bf3e8b47b24b"
dependencies = [
 "thiserror-impl",
]

[[package]]
name = "thiserror-impl"
version = "1.0.57"
source = "registry+https://github.com/rust-lang/crates.io-index"
checksum = "a953cb265bef375dae3de6663da4d3804eee9682ea80d8e2542529b73c531c81"
dependencies = [
 "proc-macro2",
 "quote",
 "syn 2.0.48",
]

[[package]]
name = "unicode-ident"
version = "1.0.12"
source = "registry+https://github.com/rust-lang/crates.io-index"
checksum = "3354b9ac3fae1ff6755cb6db53683adb661634f67557942dea4facebec0fee4b"

[[package]]
name = "unicode-xid"
version = "0.2.4"
source = "registry+https://github.com/rust-lang/crates.io-index"
checksum = "f962df74c8c05a667b5ee8bcf162993134c104e96440b663c8daa176dc772d8c"

[[package]]
name = "uuid"
version = "1.7.0"
source = "registry+https://github.com/rust-lang/crates.io-index"
checksum = "f00cc9702ca12d3c81455259621e676d0f7251cec66a21e98fe2e9a37db93b2a"

[[package]]
name = "wasm-bindgen"
version = "0.2.91"
source = "registry+https://github.com/rust-lang/crates.io-index"
checksum = "c1e124130aee3fb58c5bdd6b639a0509486b0338acaaae0c84a5124b0f588b7f"
dependencies = [
 "cfg-if",
 "wasm-bindgen-macro",
]

[[package]]
name = "wasm-bindgen-backend"
version = "0.2.91"
source = "registry+https://github.com/rust-lang/crates.io-index"
checksum = "c9e7e1900c352b609c8488ad12639a311045f40a35491fb69ba8c12f758af70b"
dependencies = [
 "bumpalo",
 "log",
 "once_cell",
 "proc-macro2",
 "quote",
 "syn 2.0.48",
 "wasm-bindgen-shared",
]

[[package]]
name = "wasm-bindgen-futures"
version = "0.4.41"
source = "registry+https://github.com/rust-lang/crates.io-index"
checksum = "877b9c3f61ceea0e56331985743b13f3d25c406a7098d45180fb5f09bc19ed97"
dependencies = [
 "cfg-if",
 "js-sys",
 "wasm-bindgen",
 "web-sys",
]

[[package]]
name = "wasm-bindgen-macro"
version = "0.2.91"
source = "registry+https://github.com/rust-lang/crates.io-index"
checksum = "b30af9e2d358182b5c7449424f017eba305ed32a7010509ede96cdc4696c46ed"
dependencies = [
 "quote",
 "wasm-bindgen-macro-support",
]

[[package]]
name = "wasm-bindgen-macro-support"
version = "0.2.91"
source = "registry+https://github.com/rust-lang/crates.io-index"
checksum = "642f325be6301eb8107a83d12a8ac6c1e1c54345a7ef1a9261962dfefda09e66"
dependencies = [
 "proc-macro2",
 "quote",
 "syn 2.0.48",
 "wasm-bindgen-backend",
 "wasm-bindgen-shared",
]

[[package]]
name = "wasm-bindgen-shared"
version = "0.2.91"
source = "registry+https://github.com/rust-lang/crates.io-index"
checksum = "4f186bd2dcf04330886ce82d6f33dd75a7bfcf69ecf5763b89fcde53b6ac9838"

[[package]]
name = "web-sys"
version = "0.3.68"
source = "registry+https://github.com/rust-lang/crates.io-index"
checksum = "96565907687f7aceb35bc5fc03770a8a0471d82e479f25832f54a0e3f4b28446"
dependencies = [
 "js-sys",
 "wasm-bindgen",
]

[[package]]
name = "wyz"
version = "0.2.0"
source = "registry+https://github.com/rust-lang/crates.io-index"
checksum = "85e60b0d1b5f99db2556934e21937020776a5d31520bf169e851ac44e6420214"

[[package]]
name = "yaxpeax-arch"
version = "0.2.7"
source = "registry+https://github.com/rust-lang/crates.io-index"
checksum = "f1ba5c2f163fa2f866c36750c6c931566c6d93231ae9410083b0738953b609d5"
dependencies = [
 "num-traits",
]

[[package]]
name = "yaxpeax-arm"
version = "0.2.4"
source = "registry+https://github.com/rust-lang/crates.io-index"
checksum = "ef64191675d595283b7345a0e92b39f003a0dc17b4b33baaf598cbb4f9f0e910"
dependencies = [
 "bitvec",
 "yaxpeax-arch",
]

[[package]]
name = "yaxpeax-x86"
version = "1.2.2"
source = "registry+https://github.com/rust-lang/crates.io-index"
checksum = "9107477944697db42c41326f82d4c65b769b32512cdad1e086f36f0e0f25ff45"
dependencies = [
 "cfg-if",
 "num-traits",
 "yaxpeax-arch",
]

[[package]]
name = "yoke"
version = "0.6.2"
source = "registry+https://github.com/rust-lang/crates.io-index"
checksum = "1fe1d55ca72c32d573bfbd5cb2f0ca65a497854c44762957a6d3da96041a5184"
dependencies = [
 "serde",
 "stable_deref_trait",
 "yoke-derive",
 "zerofrom",
]

[[package]]
name = "yoke-derive"
version = "0.6.1"
source = "registry+https://github.com/rust-lang/crates.io-index"
checksum = "1346e4cd025ae818b88566eac7eb65ab33a994ea55f355c86889af2e7e56b14e"
dependencies = [
 "proc-macro2",
 "quote",
 "syn 1.0.109",
 "synstructure 0.12.6",
]

[[package]]
name = "zerocopy"
version = "0.6.6"
source = "registry+https://github.com/rust-lang/crates.io-index"
checksum = "854e949ac82d619ee9a14c66a1b674ac730422372ccb759ce0c39cabcf2bf8e6"
dependencies = [
 "byteorder",
 "zerocopy-derive",
]

[[package]]
name = "zerocopy-derive"
version = "0.6.6"
source = "registry+https://github.com/rust-lang/crates.io-index"
checksum = "125139de3f6b9d625c39e2efdd73d41bdac468ccd556556440e322be0e1bbd91"
dependencies = [
 "proc-macro2",
 "quote",
 "syn 2.0.48",
]

[[package]]
name = "zerofrom"
version = "0.1.3"
source = "registry+https://github.com/rust-lang/crates.io-index"
checksum = "655b0814c5c0b19ade497851070c640773304939a6c0fd5f5fb43da0696d05b7"
dependencies = [
 "zerofrom-derive",
]

[[package]]
name = "zerofrom-derive"
version = "0.1.3"
source = "registry+https://github.com/rust-lang/crates.io-index"
checksum = "e6a647510471d372f2e6c2e6b7219e44d8c574d24fdc11c610a61455782f18c3"
dependencies = [
 "proc-macro2",
 "quote",
 "syn 2.0.48",
 "synstructure 0.13.1",
]
